
Microsoft Visual Studio Solution File, Format Version 12.00
# Visual Studio Version 16
VisualStudioVersion = 16.0.30709.132
MinimumVisualStudioVersion = 10.0.40219.1
Project("{9A19103F-16F7-4668-BE54-9A1E7A4F7556}") = "RabbitMQSample", "RabbitMQSample\RabbitMQSample.csproj", "{34A4DF4A-5F1E-4898-9C36-1D899C36A562}"
EndProject
Project("{FAE04EC0-301F-11D3-BF4B-00C04F79EFBC}") = "Navyblue.Extensions.RabbitMQ", "Navyblue.Extensions.RabbitMQ\Navyblue.Extensions.RabbitMQ.csproj", "{393A1B0D-6FF8-4B24-A282-B7C0B5DAC43E}"
EndProject
Global
	GlobalSection(SolutionConfigurationPlatforms) = preSolution
		Debug|Any CPU = Debug|Any CPU
		Release|Any CPU = Release|Any CPU
	EndGlobalSection
	GlobalSection(ProjectConfigurationPlatforms) = postSolution
		{34A4DF4A-5F1E-4898-9C36-1D899C36A562}.Debug|Any CPU.ActiveCfg = Debug|Any CPU
		{34A4DF4A-5F1E-4898-9C36-1D899C36A562}.Debug|Any CPU.Build.0 = Debug|Any CPU
		{34A4DF4A-5F1E-4898-9C36-1D899C36A562}.Release|Any CPU.ActiveCfg = Release|Any CPU
		{34A4DF4A-5F1E-4898-9C36-1D899C36A562}.Release|Any CPU.Build.0 = Release|Any CPU
		{393A1B0D-6FF8-4B24-A282-B7C0B5DAC43E}.Debug|Any CPU.ActiveCfg = Debug|Any CPU
		{393A1B0D-6FF8-4B24-A282-B7C0B5DAC43E}.Debug|Any CPU.Build.0 = Debug|Any CPU
		{393A1B0D-6FF8-4B24-A282-B7C0B5DAC43E}.Release|Any CPU.ActiveCfg = Release|Any CPU
		{393A1B0D-6FF8-4B24-A282-B7C0B5DAC43E}.Release|Any CPU.Build.0 = Release|Any CPU
	EndGlobalSection
	GlobalSection(SolutionProperties) = preSolution
		HideSolutionNode = FALSE
	EndGlobalSection
	GlobalSection(ExtensibilityGlobals) = postSolution
		SolutionGuid = {8F1900CA-7637-48A6-BF90-F91D2A59750D}
	EndGlobalSection
EndGlobal
